
Microsoft Visual Studio Solution File, Format Version 12.00
# Visual Studio 14
VisualStudioVersion = 14.0.25420.1
MinimumVisualStudioVersion = 10.0.40219.1
Project("{FAE04EC0-301F-11D3-BF4B-00C04F79EFBC}") = "DraggableListView", "DraggableListView\DraggableListView\DraggableListView.csproj", "{48C02ECB-945D-4A94-8F33-671AEB91387E}"
EndProject
Project("{FAE04EC0-301F-11D3-BF4B-00C04F79EFBC}") = "DraggableListView.Droid", "DraggableListView\DraggableListView.Droid\DraggableListView.Droid.csproj", "{39D6C80F-27BA-4199-BC9B-05DFA62E5926}"
EndProject
Project("{FAE04EC0-301F-11D3-BF4B-00C04F79EFBC}") = "DraggableListView.iOS", "DraggableListView\DraggableListView.iOS\DraggableListView.iOS.csproj", "{59A22CD4-2CA8-4C80-A35F-D6B9B72A3015}"
EndProject
Project("{FAE04EC0-301F-11D3-BF4B-00C04F79EFBC}") = "DraggableListView.WinPhone", "DraggableListView\DraggableListView.WinPhone\DraggableListView.WinPhone.csproj", "{D930731C-0F5E-4AAA-A669-0D242476A915}"
EndProject
Project("{FAE04EC0-301F-11D3-BF4B-00C04F79EFBC}") = "DraggableListView.Windows", "DraggableListView\DraggableListView.Windows\DraggableListView.Windows.csproj", "{8E02E0BB-46FA-4648-9EA9-580A4B6A2775}"
EndProject
Global
	GlobalSection(SolutionConfigurationPlatforms) = preSolution
		Ad-Hoc|Any CPU = Ad-Hoc|Any CPU
		Ad-Hoc|ARM = Ad-Hoc|ARM
		Ad-Hoc|iPhone = Ad-Hoc|iPhone
		Ad-Hoc|iPhoneSimulator = Ad-Hoc|iPhoneSimulator
		Ad-Hoc|x64 = Ad-Hoc|x64
		Ad-Hoc|x86 = Ad-Hoc|x86
		AppStore|Any CPU = AppStore|Any CPU
		AppStore|ARM = AppStore|ARM
		AppStore|iPhone = AppStore|iPhone
		AppStore|iPhoneSimulator = AppStore|iPhoneSimulator
		AppStore|x64 = AppStore|x64
		AppStore|x86 = AppStore|x86
		Debug|Any CPU = Debug|Any CPU
		Debug|ARM = Debug|ARM
		Debug|iPhone = Debug|iPhone
		Debug|iPhoneSimulator = Debug|iPhoneSimulator
		Debug|x64 = Debug|x64
		Debug|x86 = Debug|x86
		Release|Any CPU = Release|Any CPU
		Release|ARM = Release|ARM
		Release|iPhone = Release|iPhone
		Release|iPhoneSimulator = Release|iPhoneSimulator
		Release|x64 = Release|x64
		Release|x86 = Release|x86
	EndGlobalSection
	GlobalSection(ProjectConfigurationPlatforms) = postSolution
		{48C02ECB-945D-4A94-8F33-671AEB91387E}.Ad-Hoc|Any CPU.ActiveCfg = Release|Any CPU
		{48C02ECB-945D-4A94-8F33-671AEB91387E}.Ad-Hoc|Any CPU.Build.0 = Release|Any CPU
		{48C02ECB-945D-4A94-8F33-671AEB91387E}.Ad-Hoc|ARM.ActiveCfg = Release|Any CPU
		{48C02ECB-945D-4A94-8F33-671AEB91387E}.Ad-Hoc|ARM.Build.0 = Release|Any CPU
		{48C02ECB-945D-4A94-8F33-671AEB91387E}.Ad-Hoc|iPhone.ActiveCfg = Release|Any CPU
		{48C02ECB-945D-4A94-8F33-671AEB91387E}.Ad-Hoc|iPhone.Build.0 = Release|Any CPU
		{48C02ECB-945D-4A94-8F33-671AEB91387E}.Ad-Hoc|iPhoneSimulator.ActiveCfg = Release|Any CPU
		{48C02ECB-945D-4A94-8F33-671AEB91387E}.Ad-Hoc|iPhoneSimulator.Build.0 = Release|Any CPU
		{48C02ECB-945D-4A94-8F33-671AEB91387E}.Ad-Hoc|x64.ActiveCfg = Release|Any CPU
		{48C02ECB-945D-4A94-8F33-671AEB91387E}.Ad-Hoc|x64.Build.0 = Release|Any CPU
		{48C02ECB-945D-4A94-8F33-671AEB91387E}.Ad-Hoc|x86.ActiveCfg = Release|Any CPU
		{48C02ECB-945D-4A94-8F33-671AEB91387E}.Ad-Hoc|x86.Build.0 = Release|Any CPU
		{48C02ECB-945D-4A94-8F33-671AEB91387E}.AppStore|Any CPU.ActiveCfg = Release|Any CPU
		{48C02ECB-945D-4A94-8F33-671AEB91387E}.AppStore|Any CPU.Build.0 = Release|Any CPU
		{48C02ECB-945D-4A94-8F33-671AEB91387E}.AppStore|ARM.ActiveCfg = Release|Any CPU
		{48C02ECB-945D-4A94-8F33-671AEB91387E}.AppStore|ARM.Build.0 = Release|Any CPU
		{48C02ECB-945D-4A94-8F33-671AEB91387E}.AppStore|iPhone.ActiveCfg = Release|Any CPU
		{48C02ECB-945D-4A94-8F33-671AEB91387E}.AppStore|iPhone.Build.0 = Release|Any CPU
		{48C02ECB-945D-4A94-8F33-671AEB91387E}.AppStore|iPhoneSimulator.ActiveCfg = Release|Any CPU
		{48C02ECB-945D-4A94-8F33-671AEB91387E}.AppStore|iPhoneSimulator.Build.0 = Release|Any CPU
		{48C02ECB-945D-4A94-8F33-671AEB91387E}.AppStore|x64.ActiveCfg = Release|Any CPU
		{48C02ECB-945D-4A94-8F33-671AEB91387E}.AppStore|x64.Build.0 = Release|Any CPU
		{48C02ECB-945D-4A94-8F33-671AEB91387E}.AppStore|x86.ActiveCfg = Release|Any CPU
		{48C02ECB-945D-4A94-8F33-671AEB91387E}.AppStore|x86.Build.0 = Release|Any CPU
		{48C02ECB-945D-4A94-8F33-671AEB91387E}.Debug|Any CPU.ActiveCfg = Debug|Any CPU
		{48C02ECB-945D-4A94-8F33-671AEB91387E}.Debug|Any CPU.Build.0 = Debug|Any CPU
		{48C02ECB-945D-4A94-8F33-671AEB91387E}.Debug|ARM.ActiveCfg = Debug|Any CPU
		{48C02ECB-945D-4A94-8F33-671AEB91387E}.Debug|ARM.Build.0 = Debug|Any CPU
		{48C02ECB-945D-4A94-8F33-671AEB91387E}.Debug|iPhone.ActiveCfg = Debug|Any CPU
		{48C02ECB-945D-4A94-8F33-671AEB91387E}.Debug|iPhone.Build.0 = Debug|Any CPU
		{48C02ECB-945D-4A94-8F33-671AEB91387E}.Debug|iPhoneSimulator.ActiveCfg = Debug|Any CPU
		{48C02ECB-945D-4A94-8F33-671AEB91387E}.Debug|iPhoneSimulator.Build.0 = Debug|Any CPU
		{48C02ECB-945D-4A94-8F33-671AEB91387E}.Debug|x64.ActiveCfg = Debug|Any CPU
		{48C02ECB-945D-4A94-8F33-671AEB91387E}.Debug|x64.Build.0 = Debug|Any CPU
		{48C02ECB-945D-4A94-8F33-671AEB91387E}.Debug|x86.ActiveCfg = Debug|Any CPU
		{48C02ECB-945D-4A94-8F33-671AEB91387E}.Debug|x86.Build.0 = Debug|Any CPU
		{48C02ECB-945D-4A94-8F33-671AEB91387E}.Release|Any CPU.ActiveCfg = Release|Any CPU
		{48C02ECB-945D-4A94-8F33-671AEB91387E}.Release|Any CPU.Build.0 = Release|Any CPU
		{48C02ECB-945D-4A94-8F33-671AEB91387E}.Release|ARM.ActiveCfg = Release|Any CPU
		{48C02ECB-945D-4A94-8F33-671AEB91387E}.Release|ARM.Build.0 = Release|Any CPU
		{48C02ECB-945D-4A94-8F33-671AEB91387E}.Release|iPhone.ActiveCfg = Release|Any CPU
		{48C02ECB-945D-4A94-8F33-671AEB91387E}.Release|iPhone.Build.0 = Release|Any CPU
		{48C02ECB-945D-4A94-8F33-671AEB91387E}.Release|iPhoneSimulator.ActiveCfg = Release|Any CPU
		{48C02ECB-945D-4A94-8F33-671AEB91387E}.Release|iPhoneSimulator.Build.0 = Release|Any CPU
		{48C02ECB-945D-4A94-8F33-671AEB91387E}.Release|x64.ActiveCfg = Release|Any CPU
		{48C02ECB-945D-4A94-8F33-671AEB91387E}.Release|x64.Build.0 = Release|Any CPU
		{48C02ECB-945D-4A94-8F33-671AEB91387E}.Release|x86.ActiveCfg = Release|Any CPU
		{48C02ECB-945D-4A94-8F33-671AEB91387E}.Release|x86.Build.0 = Release|Any CPU
		{39D6C80F-27BA-4199-BC9B-05DFA62E5926}.Ad-Hoc|Any CPU.ActiveCfg = Release|Any CPU
		{39D6C80F-27BA-4199-BC9B-05DFA62E5926}.Ad-Hoc|Any CPU.Build.0 = Release|Any CPU
		{39D6C80F-27BA-4199-BC9B-05DFA62E5926}.Ad-Hoc|Any CPU.Deploy.0 = Release|Any CPU
		{39D6C80F-27BA-4199-BC9B-05DFA62E5926}.Ad-Hoc|ARM.ActiveCfg = Release|Any CPU
		{39D6C80F-27BA-4199-BC9B-05DFA62E5926}.Ad-Hoc|ARM.Build.0 = Release|Any CPU
		{39D6C80F-27BA-4199-BC9B-05DFA62E5926}.Ad-Hoc|ARM.Deploy.0 = Release|Any CPU
		{39D6C80F-27BA-4199-BC9B-05DFA62E5926}.Ad-Hoc|iPhone.ActiveCfg = Release|Any CPU
		{39D6C80F-27BA-4199-BC9B-05DFA62E5926}.Ad-Hoc|iPhone.Build.0 = Release|Any CPU
		{39D6C80F-27BA-4199-BC9B-05DFA62E5926}.Ad-Hoc|iPhone.Deploy.0 = Release|Any CPU
		{39D6C80F-27BA-4199-BC9B-05DFA62E5926}.Ad-Hoc|iPhoneSimulator.ActiveCfg = Release|Any CPU
		{39D6C80F-27BA-4199-BC9B-05DFA62E5926}.Ad-Hoc|iPhoneSimulator.Build.0 = Release|Any CPU
		{39D6C80F-27BA-4199-BC9B-05DFA62E5926}.Ad-Hoc|iPhoneSimulator.Deploy.0 = Release|Any CPU
		{39D6C80F-27BA-4199-BC9B-05DFA62E5926}.Ad-Hoc|x64.ActiveCfg = Release|Any CPU
		{39D6C80F-27BA-4199-BC9B-05DFA62E5926}.Ad-Hoc|x64.Build.0 = Release|Any CPU
		{39D6C80F-27BA-4199-BC9B-05DFA62E5926}.Ad-Hoc|x64.Deploy.0 = Release|Any CPU
		{39D6C80F-27BA-4199-BC9B-05DFA62E5926}.Ad-Hoc|x86.ActiveCfg = Release|Any CPU
		{39D6C80F-27BA-4199-BC9B-05DFA62E5926}.Ad-Hoc|x86.Build.0 = Release|Any CPU
		{39D6C80F-27BA-4199-BC9B-05DFA62E5926}.Ad-Hoc|x86.Deploy.0 = Release|Any CPU
		{39D6C80F-27BA-4199-BC9B-05DFA62E5926}.AppStore|Any CPU.ActiveCfg = Release|Any CPU
		{39D6C80F-27BA-4199-BC9B-05DFA62E5926}.AppStore|Any CPU.Build.0 = Release|Any CPU
		{39D6C80F-27BA-4199-BC9B-05DFA62E5926}.AppStore|Any CPU.Deploy.0 = Release|Any CPU
		{39D6C80F-27BA-4199-BC9B-05DFA62E5926}.AppStore|ARM.ActiveCfg = Release|Any CPU
		{39D6C80F-27BA-4199-BC9B-05DFA62E5926}.AppStore|ARM.Build.0 = Release|Any CPU
		{39D6C80F-27BA-4199-BC9B-05DFA62E5926}.AppStore|ARM.Deploy.0 = Release|Any CPU
		{39D6C80F-27BA-4199-BC9B-05DFA62E5926}.AppStore|iPhone.ActiveCfg = Release|Any CPU
		{39D6C80F-27BA-4199-BC9B-05DFA62E5926}.AppStore|iPhone.Build.0 = Release|Any CPU
		{39D6C80F-27BA-4199-BC9B-05DFA62E5926}.AppStore|iPhone.Deploy.0 = Release|Any CPU
		{39D6C80F-27BA-4199-BC9B-05DFA62E5926}.AppStore|iPhoneSimulator.ActiveCfg = Release|Any CPU
		{39D6C80F-27BA-4199-BC9B-05DFA62E5926}.AppStore|iPhoneSimulator.Build.0 = Release|Any CPU
		{39D6C80F-27BA-4199-BC9B-05DFA62E5926}.AppStore|iPhoneSimulator.Deploy.0 = Release|Any CPU
		{39D6C80F-27BA-4199-BC9B-05DFA62E5926}.AppStore|x64.ActiveCfg = Release|Any CPU
		{39D6C80F-27BA-4199-BC9B-05DFA62E5926}.AppStore|x64.Build.0 = Release|Any CPU
		{39D6C80F-27BA-4199-BC9B-05DFA62E5926}.AppStore|x64.Deploy.0 = Release|Any CPU
		{39D6C80F-27BA-4199-BC9B-05DFA62E5926}.AppStore|x86.ActiveCfg = Release|Any CPU
		{39D6C80F-27BA-4199-BC9B-05DFA62E5926}.AppStore|x86.Build.0 = Release|Any CPU
		{39D6C80F-27BA-4199-BC9B-05DFA62E5926}.AppStore|x86.Deploy.0 = Release|Any CPU
		{39D6C80F-27BA-4199-BC9B-05DFA62E5926}.Debug|Any CPU.ActiveCfg = Debug|Any CPU
		{39D6C80F-27BA-4199-BC9B-05DFA62E5926}.Debug|Any CPU.Build.0 = Debug|Any CPU
		{39D6C80F-27BA-4199-BC9B-05DFA62E5926}.Debug|Any CPU.Deploy.0 = Debug|Any CPU
		{39D6C80F-27BA-4199-BC9B-05DFA62E5926}.Debug|ARM.ActiveCfg = Debug|Any CPU
		{39D6C80F-27BA-4199-BC9B-05DFA62E5926}.Debug|ARM.Build.0 = Debug|Any CPU
		{39D6C80F-27BA-4199-BC9B-05DFA62E5926}.Debug|ARM.Deploy.0 = Debug|Any CPU
		{39D6C80F-27BA-4199-BC9B-05DFA62E5926}.Debug|iPhone.ActiveCfg = Debug|Any CPU
		{39D6C80F-27BA-4199-BC9B-05DFA62E5926}.Debug|iPhone.Build.0 = Debug|Any CPU
		{39D6C80F-27BA-4199-BC9B-05DFA62E5926}.Debug|iPhone.Deploy.0 = Debug|Any CPU
		{39D6C80F-27BA-4199-BC9B-05DFA62E5926}.Debug|iPhoneSimulator.ActiveCfg = Debug|Any CPU
		{39D6C80F-27BA-4199-BC9B-05DFA62E5926}.Debug|iPhoneSimulator.Build.0 = Debug|Any CPU
		{39D6C80F-27BA-4199-BC9B-05DFA62E5926}.Debug|iPhoneSimulator.Deploy.0 = Debug|Any CPU
		{39D6C80F-27BA-4199-BC9B-05DFA62E5926}.Debug|x64.ActiveCfg = Debug|Any CPU
		{39D6C80F-27BA-4199-BC9B-05DFA62E5926}.Debug|x64.Build.0 = Debug|Any CPU
		{39D6C80F-27BA-4199-BC9B-05DFA62E5926}.Debug|x64.Deploy.0 = Debug|Any CPU
		{39D6C80F-27BA-4199-BC9B-05DFA62E5926}.Debug|x86.ActiveCfg = Debug|Any CPU
		{39D6C80F-27BA-4199-BC9B-05DFA62E5926}.Debug|x86.Build.0 = Debug|Any CPU
		{39D6C80F-27BA-4199-BC9B-05DFA62E5926}.Debug|x86.Deploy.0 = Debug|Any CPU
		{39D6C80F-27BA-4199-BC9B-05DFA62E5926}.Release|Any CPU.ActiveCfg = Release|Any CPU
		{39D6C80F-27BA-4199-BC9B-05DFA62E5926}.Release|Any CPU.Build.0 = Release|Any CPU
		{39D6C80F-27BA-4199-BC9B-05DFA62E5926}.Release|Any CPU.Deploy.0 = Release|Any CPU
		{39D6C80F-27BA-4199-BC9B-05DFA62E5926}.Release|ARM.ActiveCfg = Release|Any CPU
		{39D6C80F-27BA-4199-BC9B-05DFA62E5926}.Release|ARM.Build.0 = Release|Any CPU
		{39D6C80F-27BA-4199-BC9B-05DFA62E5926}.Release|ARM.Deploy.0 = Release|Any CPU
		{39D6C80F-27BA-4199-BC9B-05DFA62E5926}.Release|iPhone.ActiveCfg = Release|Any CPU
		{39D6C80F-27BA-4199-BC9B-05DFA62E5926}.Release|iPhone.Build.0 = Release|Any CPU
		{39D6C80F-27BA-4199-BC9B-05DFA62E5926}.Release|iPhone.Deploy.0 = Release|Any CPU
		{39D6C80F-27BA-4199-BC9B-05DFA62E5926}.Release|iPhoneSimulator.ActiveCfg = Release|Any CPU
		{39D6C80F-27BA-4199-BC9B-05DFA62E5926}.Release|iPhoneSimulator.Build.0 = Release|Any CPU
		{39D6C80F-27BA-4199-BC9B-05DFA62E5926}.Release|iPhoneSimulator.Deploy.0 = Release|Any CPU
		{39D6C80F-27BA-4199-BC9B-05DFA62E5926}.Release|x64.ActiveCfg = Release|Any CPU
		{39D6C80F-27BA-4199-BC9B-05DFA62E5926}.Release|x64.Build.0 = Release|Any CPU
		{39D6C80F-27BA-4199-BC9B-05DFA62E5926}.Release|x64.Deploy.0 = Release|Any CPU
		{39D6C80F-27BA-4199-BC9B-05DFA62E5926}.Release|x86.ActiveCfg = Release|Any CPU
		{39D6C80F-27BA-4199-BC9B-05DFA62E5926}.Release|x86.Build.0 = Release|Any CPU
		{39D6C80F-27BA-4199-BC9B-05DFA62E5926}.Release|x86.Deploy.0 = Release|Any CPU
		{59A22CD4-2CA8-4C80-A35F-D6B9B72A3015}.Ad-Hoc|Any CPU.ActiveCfg = Ad-Hoc|iPhone
		{59A22CD4-2CA8-4C80-A35F-D6B9B72A3015}.Ad-Hoc|ARM.ActiveCfg = Ad-Hoc|iPhone
		{59A22CD4-2CA8-4C80-A35F-D6B9B72A3015}.Ad-Hoc|iPhone.ActiveCfg = Ad-Hoc|iPhone
		{59A22CD4-2CA8-4C80-A35F-D6B9B72A3015}.Ad-Hoc|iPhone.Build.0 = Ad-Hoc|iPhone
		{59A22CD4-2CA8-4C80-A35F-D6B9B72A3015}.Ad-Hoc|iPhoneSimulator.ActiveCfg = Ad-Hoc|iPhoneSimulator
		{59A22CD4-2CA8-4C80-A35F-D6B9B72A3015}.Ad-Hoc|iPhoneSimulator.Build.0 = Ad-Hoc|iPhoneSimulator
		{59A22CD4-2CA8-4C80-A35F-D6B9B72A3015}.Ad-Hoc|x64.ActiveCfg = Ad-Hoc|iPhone
		{59A22CD4-2CA8-4C80-A35F-D6B9B72A3015}.Ad-Hoc|x86.ActiveCfg = Ad-Hoc|iPhone
		{59A22CD4-2CA8-4C80-A35F-D6B9B72A3015}.AppStore|Any CPU.ActiveCfg = AppStore|iPhone
		{59A22CD4-2CA8-4C80-A35F-D6B9B72A3015}.AppStore|ARM.ActiveCfg = AppStore|iPhone
		{59A22CD4-2CA8-4C80-A35F-D6B9B72A3015}.AppStore|iPhone.ActiveCfg = AppStore|iPhone
		{59A22CD4-2CA8-4C80-A35F-D6B9B72A3015}.AppStore|iPhone.Build.0 = AppStore|iPhone
		{59A22CD4-2CA8-4C80-A35F-D6B9B72A3015}.AppStore|iPhoneSimulator.ActiveCfg = AppStore|iPhoneSimulator
		{59A22CD4-2CA8-4C80-A35F-D6B9B72A3015}.AppStore|iPhoneSimulator.Build.0 = AppStore|iPhoneSimulator
		{59A22CD4-2CA8-4C80-A35F-D6B9B72A3015}.AppStore|x64.ActiveCfg = AppStore|iPhone
		{59A22CD4-2CA8-4C80-A35F-D6B9B72A3015}.AppStore|x86.ActiveCfg = AppStore|iPhone
		{59A22CD4-2CA8-4C80-A35F-D6B9B72A3015}.Debug|Any CPU.ActiveCfg = Debug|iPhone
		{59A22CD4-2CA8-4C80-A35F-D6B9B72A3015}.Debug|ARM.ActiveCfg = Debug|iPhone
		{59A22CD4-2CA8-4C80-A35F-D6B9B72A3015}.Debug|iPhone.ActiveCfg = Debug|iPhone
		{59A22CD4-2CA8-4C80-A35F-D6B9B72A3015}.Debug|iPhone.Build.0 = Debug|iPhone
		{59A22CD4-2CA8-4C80-A35F-D6B9B72A3015}.Debug|iPhoneSimulator.ActiveCfg = Debug|iPhoneSimulator
		{59A22CD4-2CA8-4C80-A35F-D6B9B72A3015}.Debug|iPhoneSimulator.Build.0 = Debug|iPhoneSimulator
		{59A22CD4-2CA8-4C80-A35F-D6B9B72A3015}.Debug|x64.ActiveCfg = Debug|iPhone
		{59A22CD4-2CA8-4C80-A35F-D6B9B72A3015}.Debug|x86.ActiveCfg = Debug|iPhone
		{59A22CD4-2CA8-4C80-A35F-D6B9B72A3015}.Release|Any CPU.ActiveCfg = Release|iPhone
		{59A22CD4-2CA8-4C80-A35F-D6B9B72A3015}.Release|ARM.ActiveCfg = Release|iPhone
		{59A22CD4-2CA8-4C80-A35F-D6B9B72A3015}.Release|iPhone.ActiveCfg = Release|iPhone
		{59A22CD4-2CA8-4C80-A35F-D6B9B72A3015}.Release|iPhone.Build.0 = Release|iPhone
		{59A22CD4-2CA8-4C80-A35F-D6B9B72A3015}.Release|iPhoneSimulator.ActiveCfg = Release|iPhoneSimulator
		{59A22CD4-2CA8-4C80-A35F-D6B9B72A3015}.Release|iPhoneSimulator.Build.0 = Release|iPhoneSimulator
		{59A22CD4-2CA8-4C80-A35F-D6B9B72A3015}.Release|x64.ActiveCfg = Release|iPhone
		{59A22CD4-2CA8-4C80-A35F-D6B9B72A3015}.Release|x86.ActiveCfg = Release|iPhone
		{D930731C-0F5E-4AAA-A669-0D242476A915}.Ad-Hoc|Any CPU.ActiveCfg = Release|Any CPU
		{D930731C-0F5E-4AAA-A669-0D242476A915}.Ad-Hoc|Any CPU.Build.0 = Release|Any CPU
		{D930731C-0F5E-4AAA-A669-0D242476A915}.Ad-Hoc|Any CPU.Deploy.0 = Release|Any CPU
		{D930731C-0F5E-4AAA-A669-0D242476A915}.Ad-Hoc|ARM.ActiveCfg = Release|ARM
		{D930731C-0F5E-4AAA-A669-0D242476A915}.Ad-Hoc|ARM.Build.0 = Release|ARM
		{D930731C-0F5E-4AAA-A669-0D242476A915}.Ad-Hoc|ARM.Deploy.0 = Release|ARM
		{D930731C-0F5E-4AAA-A669-0D242476A915}.Ad-Hoc|iPhone.ActiveCfg = Release|Any CPU
		{D930731C-0F5E-4AAA-A669-0D242476A915}.Ad-Hoc|iPhone.Build.0 = Release|Any CPU
		{D930731C-0F5E-4AAA-A669-0D242476A915}.Ad-Hoc|iPhone.Deploy.0 = Release|Any CPU
		{D930731C-0F5E-4AAA-A669-0D242476A915}.Ad-Hoc|iPhoneSimulator.ActiveCfg = Release|Any CPU
		{D930731C-0F5E-4AAA-A669-0D242476A915}.Ad-Hoc|iPhoneSimulator.Build.0 = Release|Any CPU
		{D930731C-0F5E-4AAA-A669-0D242476A915}.Ad-Hoc|iPhoneSimulator.Deploy.0 = Release|Any CPU
		{D930731C-0F5E-4AAA-A669-0D242476A915}.Ad-Hoc|x64.ActiveCfg = Release|Any CPU
		{D930731C-0F5E-4AAA-A669-0D242476A915}.Ad-Hoc|x64.Build.0 = Release|Any CPU
		{D930731C-0F5E-4AAA-A669-0D242476A915}.Ad-Hoc|x64.Deploy.0 = Release|Any CPU
		{D930731C-0F5E-4AAA-A669-0D242476A915}.Ad-Hoc|x86.ActiveCfg = Release|x86
		{D930731C-0F5E-4AAA-A669-0D242476A915}.Ad-Hoc|x86.Build.0 = Release|x86
		{D930731C-0F5E-4AAA-A669-0D242476A915}.Ad-Hoc|x86.Deploy.0 = Release|x86
		{D930731C-0F5E-4AAA-A669-0D242476A915}.AppStore|Any CPU.ActiveCfg = Release|Any CPU
		{D930731C-0F5E-4AAA-A669-0D242476A915}.AppStore|Any CPU.Build.0 = Release|Any CPU
		{D930731C-0F5E-4AAA-A669-0D242476A915}.AppStore|Any CPU.Deploy.0 = Release|Any CPU
		{D930731C-0F5E-4AAA-A669-0D242476A915}.AppStore|ARM.ActiveCfg = Release|ARM
		{D930731C-0F5E-4AAA-A669-0D242476A915}.AppStore|ARM.Build.0 = Release|ARM
		{D930731C-0F5E-4AAA-A669-0D242476A915}.AppStore|ARM.Deploy.0 = Release|ARM
		{D930731C-0F5E-4AAA-A669-0D242476A915}.AppStore|iPhone.ActiveCfg = Release|Any CPU
		{D930731C-0F5E-4AAA-A669-0D242476A915}.AppStore|iPhone.Build.0 = Release|Any CPU
		{D930731C-0F5E-4AAA-A669-0D242476A915}.AppStore|iPhone.Deploy.0 = Release|Any CPU
		{D930731C-0F5E-4AAA-A669-0D242476A915}.AppStore|iPhoneSimulator.ActiveCfg = Release|Any CPU
		{D930731C-0F5E-4AAA-A669-0D242476A915}.AppStore|iPhoneSimulator.Build.0 = Release|Any CPU
		{D930731C-0F5E-4AAA-A669-0D242476A915}.AppStore|iPhoneSimulator.Deploy.0 = Release|Any CPU
		{D930731C-0F5E-4AAA-A669-0D242476A915}.AppStore|x64.ActiveCfg = Release|Any CPU
		{D930731C-0F5E-4AAA-A669-0D242476A915}.AppStore|x64.Build.0 = Release|Any CPU
		{D930731C-0F5E-4AAA-A669-0D242476A915}.AppStore|x64.Deploy.0 = Release|Any CPU
		{D930731C-0F5E-4AAA-A669-0D242476A915}.AppStore|x86.ActiveCfg = Release|x86
		{D930731C-0F5E-4AAA-A669-0D242476A915}.AppStore|x86.Build.0 = Release|x86
		{D930731C-0F5E-4AAA-A669-0D242476A915}.AppStore|x86.Deploy.0 = Release|x86
		{D930731C-0F5E-4AAA-A669-0D242476A915}.Debug|Any CPU.ActiveCfg = Debug|Any CPU
		{D930731C-0F5E-4AAA-A669-0D242476A915}.Debug|Any CPU.Build.0 = Debug|Any CPU
		{D930731C-0F5E-4AAA-A669-0D242476A915}.Debug|Any CPU.Deploy.0 = Debug|Any CPU
		{D930731C-0F5E-4AAA-A669-0D242476A915}.Debug|ARM.ActiveCfg = Debug|ARM
		{D930731C-0F5E-4AAA-A669-0D242476A915}.Debug|ARM.Build.0 = Debug|ARM
		{D930731C-0F5E-4AAA-A669-0D242476A915}.Debug|ARM.Deploy.0 = Debug|ARM
		{D930731C-0F5E-4AAA-A669-0D242476A915}.Debug|iPhone.ActiveCfg = Debug|Any CPU
		{D930731C-0F5E-4AAA-A669-0D242476A915}.Debug|iPhone.Build.0 = Debug|Any CPU
		{D930731C-0F5E-4AAA-A669-0D242476A915}.Debug|iPhone.Deploy.0 = Debug|Any CPU
		{D930731C-0F5E-4AAA-A669-0D242476A915}.Debug|iPhoneSimulator.ActiveCfg = Debug|Any CPU
		{D930731C-0F5E-4AAA-A669-0D242476A915}.Debug|iPhoneSimulator.Build.0 = Debug|Any CPU
		{D930731C-0F5E-4AAA-A669-0D242476A915}.Debug|iPhoneSimulator.Deploy.0 = Debug|Any CPU
		{D930731C-0F5E-4AAA-A669-0D242476A915}.Debug|x64.ActiveCfg = Debug|Any CPU
		{D930731C-0F5E-4AAA-A669-0D242476A915}.Debug|x64.Build.0 = Debug|Any CPU
		{D930731C-0F5E-4AAA-A669-0D242476A915}.Debug|x64.Deploy.0 = Debug|Any CPU
		{D930731C-0F5E-4AAA-A669-0D242476A915}.Debug|x86.ActiveCfg = Debug|x86
		{D930731C-0F5E-4AAA-A669-0D242476A915}.Debug|x86.Build.0 = Debug|x86
		{D930731C-0F5E-4AAA-A669-0D242476A915}.Debug|x86.Deploy.0 = Debug|x86
		{D930731C-0F5E-4AAA-A669-0D242476A915}.Release|Any CPU.ActiveCfg = Release|Any CPU
		{D930731C-0F5E-4AAA-A669-0D242476A915}.Release|Any CPU.Build.0 = Release|Any CPU
		{D930731C-0F5E-4AAA-A669-0D242476A915}.Release|Any CPU.Deploy.0 = Release|Any CPU
		{D930731C-0F5E-4AAA-A669-0D242476A915}.Release|ARM.ActiveCfg = Release|ARM
		{D930731C-0F5E-4AAA-A669-0D242476A915}.Release|ARM.Build.0 = Release|ARM
		{D930731C-0F5E-4AAA-A669-0D242476A915}.Release|ARM.Deploy.0 = Release|ARM
		{D930731C-0F5E-4AAA-A669-0D242476A915}.Release|iPhone.ActiveCfg = Release|Any CPU
		{D930731C-0F5E-4AAA-A669-0D242476A915}.Release|iPhone.Build.0 = Release|Any CPU
		{D930731C-0F5E-4AAA-A669-0D242476A915}.Release|iPhone.Deploy.0 = Release|Any CPU
		{D930731C-0F5E-4AAA-A669-0D242476A915}.Release|iPhoneSimulator.ActiveCfg = Release|Any CPU
		{D930731C-0F5E-4AAA-A669-0D242476A915}.Release|iPhoneSimulator.Build.0 = Release|Any CPU
		{D930731C-0F5E-4AAA-A669-0D242476A915}.Release|iPhoneSimulator.Deploy.0 = Release|Any CPU
		{D930731C-0F5E-4AAA-A669-0D242476A915}.Release|x64.ActiveCfg = Release|Any CPU
		{D930731C-0F5E-4AAA-A669-0D242476A915}.Release|x64.Build.0 = Release|Any CPU
		{D930731C-0F5E-4AAA-A669-0D242476A915}.Release|x64.Deploy.0 = Release|Any CPU
		{D930731C-0F5E-4AAA-A669-0D242476A915}.Release|x86.ActiveCfg = Release|x86
		{D930731C-0F5E-4AAA-A669-0D242476A915}.Release|x86.Build.0 = Release|x86
		{D930731C-0F5E-4AAA-A669-0D242476A915}.Release|x86.Deploy.0 = Release|x86
		{8E02E0BB-46FA-4648-9EA9-580A4B6A2775}.Ad-Hoc|Any CPU.ActiveCfg = Release|Any CPU
		{8E02E0BB-46FA-4648-9EA9-580A4B6A2775}.Ad-Hoc|Any CPU.Build.0 = Release|Any CPU
		{8E02E0BB-46FA-4648-9EA9-580A4B6A2775}.Ad-Hoc|Any CPU.Deploy.0 = Release|Any CPU
		{8E02E0BB-46FA-4648-9EA9-580A4B6A2775}.Ad-Hoc|ARM.ActiveCfg = Release|ARM
		{8E02E0BB-46FA-4648-9EA9-580A4B6A2775}.Ad-Hoc|ARM.Build.0 = Release|ARM
		{8E02E0BB-46FA-4648-9EA9-580A4B6A2775}.Ad-Hoc|ARM.Deploy.0 = Release|ARM
		{8E02E0BB-46FA-4648-9EA9-580A4B6A2775}.Ad-Hoc|iPhone.ActiveCfg = Release|Any CPU
		{8E02E0BB-46FA-4648-9EA9-580A4B6A2775}.Ad-Hoc|iPhone.Build.0 = Release|Any CPU
		{8E02E0BB-46FA-4648-9EA9-580A4B6A2775}.Ad-Hoc|iPhone.Deploy.0 = Release|Any CPU
		{8E02E0BB-46FA-4648-9EA9-580A4B6A2775}.Ad-Hoc|iPhoneSimulator.ActiveCfg = Release|Any CPU
		{8E02E0BB-46FA-4648-9EA9-580A4B6A2775}.Ad-Hoc|iPhoneSimulator.Build.0 = Release|Any CPU
		{8E02E0BB-46FA-4648-9EA9-580A4B6A2775}.Ad-Hoc|iPhoneSimulator.Deploy.0 = Release|Any CPU
		{8E02E0BB-46FA-4648-9EA9-580A4B6A2775}.Ad-Hoc|x64.ActiveCfg = Release|x64
		{8E02E0BB-46FA-4648-9EA9-580A4B6A2775}.Ad-Hoc|x64.Build.0 = Release|x64
		{8E02E0BB-46FA-4648-9EA9-580A4B6A2775}.Ad-Hoc|x64.Deploy.0 = Release|x64
		{8E02E0BB-46FA-4648-9EA9-580A4B6A2775}.Ad-Hoc|x86.ActiveCfg = Release|x86
		{8E02E0BB-46FA-4648-9EA9-580A4B6A2775}.Ad-Hoc|x86.Build.0 = Release|x86
		{8E02E0BB-46FA-4648-9EA9-580A4B6A2775}.Ad-Hoc|x86.Deploy.0 = Release|x86
		{8E02E0BB-46FA-4648-9EA9-580A4B6A2775}.AppStore|Any CPU.ActiveCfg = Release|Any CPU
		{8E02E0BB-46FA-4648-9EA9-580A4B6A2775}.AppStore|Any CPU.Build.0 = Release|Any CPU
		{8E02E0BB-46FA-4648-9EA9-580A4B6A2775}.AppStore|Any CPU.Deploy.0 = Release|Any CPU
		{8E02E0BB-46FA-4648-9EA9-580A4B6A2775}.AppStore|ARM.ActiveCfg = Release|ARM
		{8E02E0BB-46FA-4648-9EA9-580A4B6A2775}.AppStore|ARM.Build.0 = Release|ARM
		{8E02E0BB-46FA-4648-9EA9-580A4B6A2775}.AppStore|ARM.Deploy.0 = Release|ARM
		{8E02E0BB-46FA-4648-9EA9-580A4B6A2775}.AppStore|iPhone.ActiveCfg = Release|Any CPU
		{8E02E0BB-46FA-4648-9EA9-580A4B6A2775}.AppStore|iPhone.Build.0 = Release|Any CPU
		{8E02E0BB-46FA-4648-9EA9-580A4B6A2775}.AppStore|iPhone.Deploy.0 = Release|Any CPU
		{8E02E0BB-46FA-4648-9EA9-580A4B6A2775}.AppStore|iPhoneSimulator.ActiveCfg = Release|Any CPU
		{8E02E0BB-46FA-4648-9EA9-580A4B6A2775}.AppStore|iPhoneSimulator.Build.0 = Release|Any CPU
		{8E02E0BB-46FA-4648-9EA9-580A4B6A2775}.AppStore|iPhoneSimulator.Deploy.0 = Release|Any CPU
		{8E02E0BB-46FA-4648-9EA9-580A4B6A2775}.AppStore|x64.ActiveCfg = Release|x64
		{8E02E0BB-46FA-4648-9EA9-580A4B6A2775}.AppStore|x64.Build.0 = Release|x64
		{8E02E0BB-46FA-4648-9EA9-580A4B6A2775}.AppStore|x64.Deploy.0 = Release|x64
		{8E02E0BB-46FA-4648-9EA9-580A4B6A2775}.AppStore|x86.ActiveCfg = Release|x86
		{8E02E0BB-46FA-4648-9EA9-580A4B6A2775}.AppStore|x86.Build.0 = Release|x86
		{8E02E0BB-46FA-4648-9EA9-580A4B6A2775}.AppStore|x86.Deploy.0 = Release|x86
		{8E02E0BB-46FA-4648-9EA9-580A4B6A2775}.Debug|Any CPU.ActiveCfg = Debug|Any CPU
		{8E02E0BB-46FA-4648-9EA9-580A4B6A2775}.Debug|Any CPU.Build.0 = Debug|Any CPU
		{8E02E0BB-46FA-4648-9EA9-580A4B6A2775}.Debug|Any CPU.Deploy.0 = Debug|Any CPU
		{8E02E0BB-46FA-4648-9EA9-580A4B6A2775}.Debug|ARM.ActiveCfg = Debug|ARM
		{8E02E0BB-46FA-4648-9EA9-580A4B6A2775}.Debug|ARM.Build.0 = Debug|ARM
		{8E02E0BB-46FA-4648-9EA9-580A4B6A2775}.Debug|ARM.Deploy.0 = Debug|ARM
		{8E02E0BB-46FA-4648-9EA9-580A4B6A2775}.Debug|iPhone.ActiveCfg = Debug|Any CPU
		{8E02E0BB-46FA-4648-9EA9-580A4B6A2775}.Debug|iPhone.Build.0 = Debug|Any CPU
		{8E02E0BB-46FA-4648-9EA9-580A4B6A2775}.Debug|iPhone.Deploy.0 = Debug|Any CPU
		{8E02E0BB-46FA-4648-9EA9-580A4B6A2775}.Debug|iPhoneSimulator.ActiveCfg = Debug|Any CPU
		{8E02E0BB-46FA-4648-9EA9-580A4B6A2775}.Debug|iPhoneSimulator.Build.0 = Debug|Any CPU
		{8E02E0BB-46FA-4648-9EA9-580A4B6A2775}.Debug|iPhoneSimulator.Deploy.0 = Debug|Any CPU
		{8E02E0BB-46FA-4648-9EA9-580A4B6A2775}.Debug|x64.ActiveCfg = Debug|x64
		{8E02E0BB-46FA-4648-9EA9-580A4B6A2775}.Debug|x64.Build.0 = Debug|x64
		{8E02E0BB-46FA-4648-9EA9-580A4B6A2775}.Debug|x64.Deploy.0 = Debug|x64
		{8E02E0BB-46FA-4648-9EA9-580A4B6A2775}.Debug|x86.ActiveCfg = Debug|x86
		{8E02E0BB-46FA-4648-9EA9-580A4B6A2775}.Debug|x86.Build.0 = Debug|x86
		{8E02E0BB-46FA-4648-9EA9-580A4B6A2775}.Debug|x86.Deploy.0 = Debug|x86
		{8E02E0BB-46FA-4648-9EA9-580A4B6A2775}.Release|Any CPU.ActiveCfg = Release|Any CPU
		{8E02E0BB-46FA-4648-9EA9-580A4B6A2775}.Release|Any CPU.Build.0 = Release|Any CPU
		{8E02E0BB-46FA-4648-9EA9-580A4B6A2775}.Release|Any CPU.Deploy.0 = Release|Any CPU
		{8E02E0BB-46FA-4648-9EA9-580A4B6A2775}.Release|ARM.ActiveCfg = Release|ARM
		{8E02E0BB-46FA-4648-9EA9-580A4B6A2775}.Release|ARM.Build.0 = Release|ARM
		{8E02E0BB-46FA-4648-9EA9-580A4B6A2775}.Release|ARM.Deploy.0 = Release|ARM
		{8E02E0BB-46FA-4648-9EA9-580A4B6A2775}.Release|iPhone.ActiveCfg = Release|Any CPU
		{8E02E0BB-46FA-4648-9EA9-580A4B6A2775}.Release|iPhone.Build.0 = Release|Any CPU
		{8E02E0BB-46FA-4648-9EA9-580A4B6A2775}.Release|iPhone.Deploy.0 = Release|Any CPU
		{8E02E0BB-46FA-4648-9EA9-580A4B6A2775}.Release|iPhoneSimulator.ActiveCfg = Release|Any CPU
		{8E02E0BB-46FA-4648-9EA9-580A4B6A2775}.Release|iPhoneSimulator.Build.0 = Release|Any CPU
		{8E02E0BB-46FA-4648-9EA9-580A4B6A2775}.Release|iPhoneSimulator.Deploy.0 = Release|Any CPU
		{8E02E0BB-46FA-4648-9EA9-580A4B6A2775}.Release|x64.ActiveCfg = Release|x64
		{8E02E0BB-46FA-4648-9EA9-580A4B6A2775}.Release|x64.Build.0 = Release|x64
		{8E02E0BB-46FA-4648-9EA9-580A4B6A2775}.Release|x64.Deploy.0 = Release|x64
		{8E02E0BB-46FA-4648-9EA9-580A4B6A2775}.Release|x86.ActiveCfg = Release|x86
		{8E02E0BB-46FA-4648-9EA9-580A4B6A2775}.Release|x86.Build.0 = Release|x86
		{8E02E0BB-46FA-4648-9EA9-580A4B6A2775}.Release|x86.Deploy.0 = Release|x86
	EndGlobalSection
	GlobalSection(SolutionProperties) = preSolution
		HideSolutionNode = FALSE
	EndGlobalSection
EndGlobal
